
Microsoft Visual Studio Solution File, Format Version 12.00
# Visual Studio Version 16
VisualStudioVersion = 25.0.1705.4
MinimumVisualStudioVersion = 10.0.40219.1
Project("{FAE04EC0-301F-11D3-BF4B-00C04F79EFBC}") = "order-api", "order-api\order-api.csproj", "{19DAEFC9-50F5-43A2-BCED-751BA9AD3CDA}"
EndProject
Global
	GlobalSection(SolutionConfigurationPlatforms) = preSolution
		Debug|Any CPU = Debug|Any CPU
		Release|Any CPU = Release|Any CPU
	EndGlobalSection
	GlobalSection(ProjectConfigurationPlatforms) = postSolution
		{19DAEFC9-50F5-43A2-BCED-751BA9AD3CDA}.Debug|Any CPU.ActiveCfg = Debug|Any CPU
		{19DAEFC9-50F5-43A2-BCED-751BA9AD3CDA}.Debug|Any CPU.Build.0 = Debug|Any CPU
		{19DAEFC9-50F5-43A2-BCED-751BA9AD3CDA}.Release|Any CPU.ActiveCfg = Release|Any CPU
		{19DAEFC9-50F5-43A2-BCED-751BA9AD3CDA}.Release|Any CPU.Build.0 = Release|Any CPU
	EndGlobalSection
	GlobalSection(SolutionProperties) = preSolution
		HideSolutionNode = FALSE
	EndGlobalSection
	GlobalSection(ExtensibilityGlobals) = postSolution
		SolutionGuid = {4DA38495-72D6-4C66-9651-0E0D50FF395C}
	EndGlobalSection
EndGlobal
